# This file is autogenerated, do not edit; changes may be undone by the next 'dep ensure'.


[[projects]]
  digest = "1:23ad6fb8dbfc9fc824f38426bf64c7ba23b02572e8d4fe0d08dd907bd9531f5f"
  name = "github.com/DATA-DOG/godog"
  packages = [
    ".",
    "colors",
    "gherkin",
  ]
  pruneopts = ""
  revision = "70f777599da0f5de682b8848d356611c1738b695"
  version = "v0.7.3"

[[projects]]
  digest = "1:79421244ba5848aae4b0a5c41e633a04e4894cb0b164a219dc8c15ec7facb7f1"
  name = "github.com/blang/semver"
  packages = ["."]
  pruneopts = ""
  revision = "2ee87856327ba09384cabd113bc6b5d174e9ec0f"
  version = "v3.5.1"

[[projects]]
  branch = "feature/travis-ci"
  digest = "1:6013e87014ccb4672bd494be28e84b95a7eee50e8f854f98351335e51b4c43bc"
  name = "github.com/llonchj/browsersteps"
  packages = ["."]
  pruneopts = ""
  revision = "95eb3e922dc5e9c2e9412773f07d33c16135d1b4"

[[projects]]
  branch = "master"
  digest = "1:f355dc7d6b8880b6631b8c8b9d998ddac152f5238e57c6d8ede8ea6078d5ce61"
  name = "github.com/tebeka/selenium"
  packages = [
    ".",
    "chrome",
    "firefox",
    "internal/zip",
    "log",
  ]
  pruneopts = ""
  revision = "edf31bb7fd715ad505d9190f8d65d13f39a7c825"

[solve-meta]
  analyzer-name = "dep"
  analyzer-version = 1
  input-imports = [
    "github.com/DATA-DOG/godog",
    "github.com/llonchj/browsersteps",
    "github.com/tebeka/selenium",
  ]
  solver-name = "gps-cdcl"
  solver-version = 1
